
Microsoft Visual Studio Solution File, Format Version 12.00
# Visual Studio Version 17
VisualStudioVersion = 17.7.34024.191
MinimumVisualStudioVersion = 10.0.40219.1
Project("{FAE04EC0-301F-11D3-BF4B-00C04F79EFBC}") = "Lab_2", "Lab_2.csproj", "{F1B88C22-B93E-419E-890D-4A4DC5074695}"
EndProject
Global
	GlobalSection(SolutionConfigurationPlatforms) = preSolution
		Debug|Any CPU = Debug|Any CPU
		Release|Any CPU = Release|Any CPU
	EndGlobalSection
	GlobalSection(ProjectConfigurationPlatforms) = postSolution
		{F1B88C22-B93E-419E-890D-4A4DC5074695}.Debug|Any CPU.ActiveCfg = Debug|Any CPU
		{F1B88C22-B93E-419E-890D-4A4DC5074695}.Debug|Any CPU.Build.0 = Debug|Any CPU
		{F1B88C22-B93E-419E-890D-4A4DC5074695}.Release|Any CPU.ActiveCfg = Release|Any CPU
		{F1B88C22-B93E-419E-890D-4A4DC5074695}.Release|Any CPU.Build.0 = Release|Any CPU
	EndGlobalSection
	GlobalSection(SolutionProperties) = preSolution
		HideSolutionNode = FALSE
	EndGlobalSection
	GlobalSection(ExtensibilityGlobals) = postSolution
		SolutionGuid = {AAE5341A-F88B-47AA-80A8-67AF1FA38933}
	EndGlobalSection
EndGlobal
